
Microsoft Visual Studio Solution File, Format Version 12.00
# Visual Studio 14
VisualStudioVersion = 14.0.24720.0
MinimumVisualStudioVersion = 10.0.40219.1
Project("{159641D6-6404-4A2A-AE62-294DE0FE8301}") = "Daily ETL", "Daily ETL\Daily ETL.dtproj", "{880CD9F7-19BF-4F4C-9E4B-400C34FBC3E5}"
EndProject
Global
	GlobalSection(SolutionConfigurationPlatforms) = preSolution
		Development|Default = Development|Default
	EndGlobalSection
	GlobalSection(ProjectConfigurationPlatforms) = postSolution
		{880CD9F7-19BF-4F4C-9E4B-400C34FBC3E5}.Development|Default.ActiveCfg = Development
		{880CD9F7-19BF-4F4C-9E4B-400C34FBC3E5}.Development|Default.Build.0 = Development
	EndGlobalSection
	GlobalSection(SolutionProperties) = preSolution
		HideSolutionNode = FALSE
	EndGlobalSection
EndGlobal
